
Microsoft Visual Studio Solution File, Format Version 12.00
# Visual Studio Version 17
VisualStudioVersion = 17.5.002.0
MinimumVisualStudioVersion = 10.0.40219.1
Project("{9A19103F-16F7-4668-BE54-9A1E7A4F7556}") = "Задача 2", "Задача 2.csproj", "{AE894E04-0317-4883-8E03-0CCE6E4E1F45}"
EndProject
Global
	GlobalSection(SolutionConfigurationPlatforms) = preSolution
		Debug|Any CPU = Debug|Any CPU
		Release|Any CPU = Release|Any CPU
	EndGlobalSection
	GlobalSection(ProjectConfigurationPlatforms) = postSolution
		{AE894E04-0317-4883-8E03-0CCE6E4E1F45}.Debug|Any CPU.ActiveCfg = Debug|Any CPU
		{AE894E04-0317-4883-8E03-0CCE6E4E1F45}.Debug|Any CPU.Build.0 = Debug|Any CPU
		{AE894E04-0317-4883-8E03-0CCE6E4E1F45}.Release|Any CPU.ActiveCfg = Release|Any CPU
		{AE894E04-0317-4883-8E03-0CCE6E4E1F45}.Release|Any CPU.Build.0 = Release|Any CPU
	EndGlobalSection
	GlobalSection(SolutionProperties) = preSolution
		HideSolutionNode = FALSE
	EndGlobalSection
	GlobalSection(ExtensibilityGlobals) = postSolution
		SolutionGuid = {6560B2F0-389E-4F98-A0DE-DACD96D41585}
	EndGlobalSection
EndGlobal
